
Microsoft Visual Studio Solution File, Format Version 12.00
# Visual Studio Version 16
VisualStudioVersion = 16.0.29503.13
MinimumVisualStudioVersion = 10.0.40219.1
Project("{FAE04EC0-301F-11D3-BF4B-00C04F79EFBC}") = "calculator", "calculator\calculator.csproj", "{CE20AA66-53C3-44F3-9ED4-BCFB17147F6A}"
EndProject
Global
	GlobalSection(SolutionConfigurationPlatforms) = preSolution
		Debug|Any CPU = Debug|Any CPU
		Release|Any CPU = Release|Any CPU
	EndGlobalSection
	GlobalSection(ProjectConfigurationPlatforms) = postSolution
		{CE20AA66-53C3-44F3-9ED4-BCFB17147F6A}.Debug|Any CPU.ActiveCfg = Debug|Any CPU
		{CE20AA66-53C3-44F3-9ED4-BCFB17147F6A}.Debug|Any CPU.Build.0 = Debug|Any CPU
		{CE20AA66-53C3-44F3-9ED4-BCFB17147F6A}.Release|Any CPU.ActiveCfg = Release|Any CPU
		{CE20AA66-53C3-44F3-9ED4-BCFB17147F6A}.Release|Any CPU.Build.0 = Release|Any CPU
	EndGlobalSection
	GlobalSection(SolutionProperties) = preSolution
		HideSolutionNode = FALSE
	EndGlobalSection
	GlobalSection(ExtensibilityGlobals) = postSolution
		SolutionGuid = {48DFFA65-6385-4DAD-8A46-58E8B3EC29CF}
	EndGlobalSection
EndGlobal
